// !$*UTF8*$!
{
	archiveVersion = 1;
	classes = {
	};
	objectVersion = 55;
	objects = {

/* Begin PBXBuildFile section */
		2E440F3B28D31F0E004EA98A /* Controller.swift in Sources */ = {isa = PBXBuildFile; fileRef = 2E440F3A28D31F0E004EA98A /* Controller.swift */; };
		2E440F3D28D32010004EA98A /* Model.swift in Sources */ = {isa = PBXBuildFile; fileRef = 2E440F3C28D32010004EA98A /* Model.swift */; };
		2E440F4128D33520004EA98A /* Splash.storyboard in Resources */ = {isa = PBXBuildFile; fileRef = 2E440F4028D33520004EA98A /* Splash.storyboard */; };
		2E440F4328D3372B004EA98A /* Canvas.swift in Sources */ = {isa = PBXBuildFile; fileRef = 2E440F4228D3372B004EA98A /* Canvas.swift */; };
		2E440F4528D9B555004EA98A /* Levels.swift in Sources */ = {isa = PBXBuildFile; fileRef = 2E440F4428D9B555004EA98A /* Levels.swift */; };
		2E440F4A28DB127C004EA98A /* level5.sok in Resources */ = {isa = PBXBuildFile; fileRef = 2E440F4728DB127C004EA98A /* level5.sok */; };
		2E440F4B28DB127C004EA98A /* level4.sok in Resources */ = {isa = PBXBuildFile; fileRef = 2E440F4828DB127C004EA98A /* level4.sok */; };
		2E440F4C28DB127C004EA98A /* level6.sok in Resources */ = {isa = PBXBuildFile; fileRef = 2E440F4928DB127C004EA98A /* level6.sok */; };
		2E440F4E28DDFCFE004EA98A /* CharacterReader.swift in Sources */ = {isa = PBXBuildFile; fileRef = 2E440F4D28DDFCFE004EA98A /* CharacterReader.swift */; };
		2E75ED1028C881AA006E8725 /* Viewer.swift in Sources */ = {isa = PBXBuildFile; fileRef = 2E75ED0F28C881AA006E8725 /* Viewer.swift */; };
		2E75ED1928C881AC006E8725 /* Assets.xcassets in Resources */ = {isa = PBXBuildFile; fileRef = 2E75ED1828C881AC006E8725 /* Assets.xcassets */; };
/* End PBXBuildFile section */

/* Begin PBXFileReference section */
		2E440F3A28D31F0E004EA98A /* Controller.swift */ = {isa = PBXFileReference; lastKnownFileType = sourcecode.swift; path = Controller.swift; sourceTree = "<group>"; };
		2E440F3C28D32010004EA98A /* Model.swift */ = {isa = PBXFileReference; lastKnownFileType = sourcecode.swift; path = Model.swift; sourceTree = "<group>"; };
		2E440F4028D33520004EA98A /* Splash.storyboard */ = {isa = PBXFileReference; lastKnownFileType = file.storyboard; path = Splash.storyboard; sourceTree = "<group>"; };
		2E440F4228D3372B004EA98A /* Canvas.swift */ = {isa = PBXFileReference; lastKnownFileType = sourcecode.swift; path = Canvas.swift; sourceTree = "<group>"; };
		2E440F4428D9B555004EA98A /* Levels.swift */ = {isa = PBXFileReference; lastKnownFileType = sourcecode.swift; path = Levels.swift; sourceTree = "<group>"; };
		2E440F4728DB127C004EA98A /* level5.sok */ = {isa = PBXFileReference; fileEncoding = 4; lastKnownFileType = text; path = level5.sok; sourceTree = "<group>"; };
		2E440F4828DB127C004EA98A /* level4.sok */ = {isa = PBXFileReference; fileEncoding = 4; lastKnownFileType = text; path = level4.sok; sourceTree = "<group>"; };
		2E440F4928DB127C004EA98A /* level6.sok */ = {isa = PBXFileReference; fileEncoding = 4; lastKnownFileType = text; path = level6.sok; sourceTree = "<group>"; };
		2E440F4D28DDFCFE004EA98A /* CharacterReader.swift */ = {isa = PBXFileReference; lastKnownFileType = sourcecode.swift; path = CharacterReader.swift; sourceTree = "<group>"; };
		2E75ED0C28C881AA006E8725 /* Sokoban.app */ = {isa = PBXFileReference; explicitFileType = wrapper.application; includeInIndex = 0; path = Sokoban.app; sourceTree = BUILT_PRODUCTS_DIR; };
		2E75ED0F28C881AA006E8725 /* Viewer.swift */ = {isa = PBXFileReference; lastKnownFileType = sourcecode.swift; path = Viewer.swift; sourceTree = "<group>"; };
		2E75ED1828C881AC006E8725 /* Assets.xcassets */ = {isa = PBXFileReference; lastKnownFileType = folder.assetcatalog; path = Assets.xcassets; sourceTree = "<group>"; };
		2E75ED1D28C881AC006E8725 /* Info.plist */ = {isa = PBXFileReference; lastKnownFileType = text.plist.xml; path = Info.plist; sourceTree = "<group>"; };
/* End PBXFileReference section */

/* Begin PBXFrameworksBuildPhase section */
		2E75ED0928C881AA006E8725 /* Frameworks */ = {
			isa = PBXFrameworksBuildPhase;
			buildActionMask = 2147483647;
			files = (
			);
			runOnlyForDeploymentPostprocessing = 0;
		};
/* End PBXFrameworksBuildPhase section */

/* Begin PBXGroup section */
		2E440F4628DB127C004EA98A /* levels */ = {
			isa = PBXGroup;
			children = (
				2E440F4728DB127C004EA98A /* level5.sok */,
				2E440F4828DB127C004EA98A /* level4.sok */,
				2E440F4928DB127C004EA98A /* level6.sok */,
			);
			path = levels;
			sourceTree = "<group>";
		};
		2E75ED0328C881AA006E8725 = {
			isa = PBXGroup;
			children = (
				2E75ED0E28C881AA006E8725 /* Sokoban */,
				2E75ED0D28C881AA006E8725 /* Products */,
			);
			sourceTree = "<group>";
		};
		2E75ED0D28C881AA006E8725 /* Products */ = {
			isa = PBXGroup;
			children = (
				2E75ED0C28C881AA006E8725 /* Sokoban.app */,
			);
			name = Products;
			sourceTree = "<group>";
		};
		2E75ED0E28C881AA006E8725 /* Sokoban */ = {
			isa = PBXGroup;
			children = (
				2E75ED0F28C881AA006E8725 /* Viewer.swift */,
				2E440F3A28D31F0E004EA98A /* Controller.swift */,
				2E440F4228D3372B004EA98A /* Canvas.swift */,
				2E440F3C28D32010004EA98A /* Model.swift */,
				2E440F4428D9B555004EA98A /* Levels.swift */,
				2E440F4D28DDFCFE004EA98A /* CharacterReader.swift */,
				2E75ED1828C881AC006E8725 /* Assets.xcassets */,
				2E75ED1D28C881AC006E8725 /* Info.plist */,
				2E440F4028D33520004EA98A /* Splash.storyboard */,
				2E440F4628DB127C004EA98A /* levels */,
			);
			path = Sokoban;
			sourceTree = "<group>";
		};
/* End PBXGroup section */

/* Begin PBXNativeTarget section */
		2E75ED0B28C881AA006E8725 /* Sokoban */ = {
			isa = PBXNativeTarget;
			buildConfigurationList = 2E75ED2028C881AC006E8725 /* Build configuration list for PBXNativeTarget "Sokoban" */;
			buildPhases = (
				2E75ED0828C881AA006E8725 /* Sources */,
				2E75ED0928C881AA006E8725 /* Frameworks */,
				2E75ED0A28C881AA006E8725 /* Resources */,
			);
			buildRules = (
			);
			dependencies = (
			);
			name = Sokoban;
			productName = Sokoban;
			productReference = 2E75ED0C28C881AA006E8725 /* Sokoban.app */;
			productType = "com.apple.product-type.application";
		};
/* End PBXNativeTarget section */

/* Begin PBXProject section */
		2E75ED0428C881AA006E8725 /* Project object */ = {
			isa = PBXProject;
			attributes = {
				BuildIndependentTargetsInParallel = 1;
				LastSwiftUpdateCheck = 1340;
				LastUpgradeCheck = 1340;
				TargetAttributes = {
					2E75ED0B28C881AA006E8725 = {
						CreatedOnToolsVersion = 13.4.1;
					};
				};
			};
			buildConfigurationList = 2E75ED0728C881AA006E8725 /* Build configuration list for PBXProject "Sokoban" */;
			compatibilityVersion = "Xcode 13.0";
			developmentRegion = en;
			hasScannedForEncodings = 0;
			knownRegions = (
				en,
				Base,
			);
			mainGroup = 2E75ED0328C881AA006E8725;
			productRefGroup = 2E75ED0D28C881AA006E8725 /* Products */;
			projectDirPath = "";
			projectRoot = "";
			targets = (
				2E75ED0B28C881AA006E8725 /* Sokoban */,
			);
		};
/* End PBXProject section */

/* Begin PBXResourcesBuildPhase section */
		2E75ED0A28C881AA006E8725 /* Resources */ = {
			isa = PBXResourcesBuildPhase;
			buildActionMask = 2147483647;
			files = (
				2E440F4C28DB127C004EA98A /* level6.sok in Resources */,
				2E440F4A28DB127C004EA98A /* level5.sok in Resources */,
				2E440F4B28DB127C004EA98A /* level4.sok in Resources */,
				2E75ED1928C881AC006E8725 /* Assets.xcassets in Resources */,
				2E440F4128D33520004EA98A /* Splash.storyboard in Resources */,
			);
			runOnlyForDeploymentPostprocessing = 0;
		};
/* End PBXResourcesBuildPhase section */

/* Begin PBXSourcesBuildPhase section */
		2E75ED0828C881AA006E8725 /* Sources */ = {
			isa = PBXSourcesBuildPhase;
			buildActionMask = 2147483647;
			files = (
				2E440F4528D9B555004EA98A /* Levels.swift in Sources */,
				2E440F3D28D32010004EA98A /* Model.swift in Sources */,
				2E440F4E28DDFCFE004EA98A /* CharacterReader.swift in Sources */,
				2E75ED1028C881AA006E8725 /* Viewer.swift in Sources */,
				2E440F3B28D31F0E004EA98A /* Controller.swift in Sources */,
				2E440F4328D3372B004EA98A /* Canvas.swift in Sources */,
			);
			runOnlyForDeploymentPostprocessing = 0;
		};
/* End PBXSourcesBuildPhase section */

/* Begin XCBuildConfiguration section */
		2E75ED1E28C881AC006E8725 /* Debug */ = {
			isa = XCBuildConfiguration;
			buildSettings = {
				ALWAYS_SEARCH_USER_PATHS = NO;
				CLANG_ANALYZER_NONNULL = YES;
				CLANG_ANALYZER_NUMBER_OBJECT_CONVERSION = YES_AGGRESSIVE;
				CLANG_CXX_LANGUAGE_STANDARD = "gnu++17";
				CLANG_ENABLE_MODULES = YES;
				CLANG_ENABLE_OBJC_ARC = YES;
				CLANG_ENABLE_OBJC_WEAK = YES;
				CLANG_WARN_BLOCK_CAPTURE_AUTORELEASING = YES;
				CLANG_WARN_BOOL_CONVERSION = YES;
				CLANG_WARN_COMMA = YES;
				CLANG_WARN_CONSTANT_CONVERSION = YES;
				CLANG_WARN_DEPRECATED_OBJC_IMPLEMENTATIONS = YES;
				CLANG_WARN_DIRECT_OBJC_ISA_USAGE = YES_ERROR;
				CLANG_WARN_DOCUMENTATION_COMMENTS = YES;
				CLANG_WARN_EMPTY_BODY = YES;
				CLANG_WARN_ENUM_CONVERSION = YES;
				CLANG_WARN_INFINITE_RECURSION = YES;
				CLANG_WARN_INT_CONVERSION = YES;
				CLANG_WARN_NON_LITERAL_NULL_CONVERSION = YES;
				CLANG_WARN_OBJC_IMPLICIT_RETAIN_SELF = YES;
				CLANG_WARN_OBJC_LITERAL_CONVERSION = YES;
				CLANG_WARN_OBJC_ROOT_CLASS = YES_ERROR;
				CLANG_WARN_QUOTED_INCLUDE_IN_FRAMEWORK_HEADER = YES;
				CLANG_WARN_RANGE_LOOP_ANALYSIS = YES;
				CLANG_WARN_STRICT_PROTOTYPES = YES;
				CLANG_WARN_SUSPICIOUS_MOVE = YES;
				CLANG_WARN_UNGUARDED_AVAILABILITY = YES_AGGRESSIVE;
				CLANG_WARN_UNREACHABLE_CODE = YES;
				CLANG_WARN__DUPLICATE_METHOD_MATCH = YES;
				COPY_PHASE_STRIP = NO;
				DEBUG_INFORMATION_FORMAT = dwarf;
				ENABLE_STRICT_OBJC_MSGSEND = YES;
				ENABLE_TESTABILITY = YES;
				GCC_C_LANGUAGE_STANDARD = gnu11;
				GCC_DYNAMIC_NO_PIC = NO;
				GCC_NO_COMMON_BLOCKS = YES;
				GCC_OPTIMIZATION_LEVEL = 0;
				GCC_PREPROCESSOR_DEFINITIONS = (
					"DEBUG=1",
					"$(inherited)",
				);
				GCC_WARN_64_TO_32_BIT_CONVERSION = YES;
				GCC_WARN_ABOUT_RETURN_TYPE = YES_ERROR;
				GCC_WARN_UNDECLARED_SELECTOR = YES;
				GCC_WARN_UNINITIALIZED_AUTOS = YES_AGGRESSIVE;
				GCC_WARN_UNUSED_FUNCTION = YES;
				GCC_WARN_UNUSED_VARIABLE = YES;
				IPHONEOS_DEPLOYMENT_TARGET = 15.5;
				MTL_ENABLE_DEBUG_INFO = INCLUDE_SOURCE;
				MTL_FAST_MATH = YES;
				ONLY_ACTIVE_ARCH = YES;
				SDKROOT = iphoneos;
				SWIFT_ACTIVE_COMPILATION_CONDITIONS = DEBUG;
				SWIFT_OPTIMIZATION_LEVEL = "-Onone";
			};
			name = Debug;
		};
		2E75ED1F28C881AC006E8725 /* Release */ = {
			isa = XCBuildConfiguration;
			buildSettings = {
				ALWAYS_SEARCH_USER_PATHS = NO;
				CLANG_ANALYZER_NONNULL = YES;
				CLANG_ANALYZER_NUMBER_OBJECT_CONVERSION = YES_AGGRESSIVE;
				CLANG_CXX_LANGUAGE_STANDARD = "gnu++17";
				CLANG_ENABLE_MODULES = YES;
				CLANG_ENABLE_OBJC_ARC = YES;
				CLANG_ENABLE_OBJC_WEAK = YES;
				CLANG_WARN_BLOCK_CAPTURE_AUTORELEASING = YES;
				CLANG_WARN_BOOL_CONVERSION = YES;
				CLANG_WARN_COMMA = YES;
				CLANG_WARN_CONSTANT_CONVERSION = YES;
				CLANG_WARN_DEPRECATED_OBJC_IMPLEMENTATIONS = YES;
				CLANG_WARN_DIRECT_OBJC_ISA_USAGE = YES_ERROR;
				CLANG_WARN_DOCUMENTATION_COMMENTS = YES;
				CLANG_WARN_EMPTY_BODY = YES;
				CLANG_WARN_ENUM_CONVERSION = YES;
				CLANG_WARN_INFINITE_RECURSION = YES;
				CLANG_WARN_INT_CONVERSION = YES;
				CLANG_WARN_NON_LITERAL_NULL_CONVERSION = YES;
				CLANG_WARN_OBJC_IMPLICIT_RETAIN_SELF = YES;
				CLANG_WARN_OBJC_LITERAL_CONVERSION = YES;
				CLANG_WARN_OBJC_ROOT_CLASS = YES_ERROR;
				CLANG_WARN_QUOTED_INCLUDE_IN_FRAMEWORK_HEADER = YES;
				CLANG_WARN_RANGE_LOOP_ANALYSIS = YES;
				CLANG_WARN_STRICT_PROTOTYPES = YES;
				CLANG_WARN_SUSPICIOUS_MOVE = YES;
				CLANG_WARN_UNGUARDED_AVAILABILITY = YES_AGGRESSIVE;
				CLANG_WARN_UNREACHABLE_CODE = YES;
				CLANG_WARN__DUPLICATE_METHOD_MATCH = YES;
				COPY_PHASE_STRIP = NO;
				DEBUG_INFORMATION_FORMAT = "dwarf-with-dsym";
				ENABLE_NS_ASSERTIONS = NO;
				ENABLE_STRICT_OBJC_MSGSEND = YES;
				GCC_C_LANGUAGE_STANDARD = gnu11;
				GCC_NO_COMMON_BLOCKS = YES;
				GCC_WARN_64_TO_32_BIT_CONVERSION = YES;
				GCC_WARN_ABOUT_RETURN_TYPE = YES_ERROR;
				GCC_WARN_UNDECLARED_SELECTOR = YES;
				GCC_WARN_UNINITIALIZED_AUTOS = YES_AGGRESSIVE;
				GCC_WARN_UNUSED_FUNCTION = YES;
				GCC_WARN_UNUSED_VARIABLE = YES;
				IPHONEOS_DEPLOYMENT_TARGET = 15.5;
				MTL_ENABLE_DEBUG_INFO = NO;
				MTL_FAST_MATH = YES;
				SDKROOT = iphoneos;
				SWIFT_COMPILATION_MODE = wholemodule;
				SWIFT_OPTIMIZATION_LEVEL = "-O";
				VALIDATE_PRODUCT = YES;
			};
			name = Release;
		};
		2E75ED2128C881AC006E8725 /* Debug */ = {
			isa = XCBuildConfiguration;
			buildSettings = {
				ASSETCATALOG_COMPILER_APPICON_NAME = AppIcon;
				ASSETCATALOG_COMPILER_GLOBAL_ACCENT_COLOR_NAME = AccentColor;
				CODE_SIGN_STYLE = Automatic;
				CURRENT_PROJECT_VERSION = 1;
				DEVELOPMENT_TEAM = 34Y7T7B7JW;
				GENERATE_INFOPLIST_FILE = YES;
				INFOPLIST_FILE = Sokoban/Info.plist;
				INFOPLIST_KEY_UIApplicationSupportsIndirectInputEvents = YES;
				INFOPLIST_KEY_UISupportedInterfaceOrientations_iPad = "UIInterfaceOrientationPortrait UIInterfaceOrientationPortraitUpsideDown UIInterfaceOrientationLandscapeLeft UIInterfaceOrientationLandscapeRight";
				INFOPLIST_KEY_UISupportedInterfaceOrientations_iPhone = "UIInterfaceOrientationPortrait UIInterfaceOrientationLandscapeLeft UIInterfaceOrientationLandscapeRight";
				LD_RUNPATH_SEARCH_PATHS = (
					"$(inherited)",
					"@executable_path/Frameworks",
				);
				MARKETING_VERSION = 1.0;
				PRODUCT_BUNDLE_IDENTIFIER = edu.self.Sokoban;
				PRODUCT_NAME = "$(TARGET_NAME)";
				SWIFT_EMIT_LOC_STRINGS = YES;
				SWIFT_VERSION = 5.0;
				TARGETED_DEVICE_FAMILY = "1,2";
			};
			name = Debug;
		};
		2E75ED2228C881AC006E8725 /* Release */ = {
			isa = XCBuildConfiguration;
			buildSettings = {
				ASSETCATALOG_COMPILER_APPICON_NAME = AppIcon;
				ASSETCATALOG_COMPILER_GLOBAL_ACCENT_COLOR_NAME = AccentColor;
				CODE_SIGN_STYLE = Automatic;
				CURRENT_PROJECT_VERSION = 1;
				DEVELOPMENT_TEAM = 34Y7T7B7JW;
				GENERATE_INFOPLIST_FILE = YES;
				INFOPLIST_FILE = Sokoban/Info.plist;
				INFOPLIST_KEY_UIApplicationSupportsIndirectInputEvents = YES;
				INFOPLIST_KEY_UISupportedInterfaceOrientations_iPad = "UIInterfaceOrientationPortrait UIInterfaceOrientationPortraitUpsideDown UIInterfaceOrientationLandscapeLeft UIInterfaceOrientationLandscapeRight";
				INFOPLIST_KEY_UISupportedInterfaceOrientations_iPhone = "UIInterfaceOrientationPortrait UIInterfaceOrientationLandscapeLeft UIInterfaceOrientationLandscapeRight";
				LD_RUNPATH_SEARCH_PATHS = (
					"$(inherited)",
					"@executable_path/Frameworks",
				);
				MARKETING_VERSION = 1.0;
				PRODUCT_BUNDLE_IDENTIFIER = edu.self.Sokoban;
				PRODUCT_NAME = "$(TARGET_NAME)";
				SWIFT_EMIT_LOC_STRINGS = YES;
				SWIFT_VERSION = 5.0;
				TARGETED_DEVICE_FAMILY = "1,2";
			};
			name = Release;
		};
/* End XCBuildConfiguration section */

/* Begin XCConfigurationList section */
		2E75ED0728C881AA006E8725 /* Build configuration list for PBXProject "Sokoban" */ = {
			isa = XCConfigurationList;
			buildConfigurations = (
				2E75ED1E28C881AC006E8725 /* Debug */,
				2E75ED1F28C881AC006E8725 /* Release */,
			);
			defaultConfigurationIsVisible = 0;
			defaultConfigurationName = Release;
		};
		2E75ED2028C881AC006E8725 /* Build configuration list for PBXNativeTarget "Sokoban" */ = {
			isa = XCConfigurationList;
			buildConfigurations = (
				2E75ED2128C881AC006E8725 /* Debug */,
				2E75ED2228C881AC006E8725 /* Release */,
			);
			defaultConfigurationIsVisible = 0;
			defaultConfigurationName = Release;
		};
/* End XCConfigurationList section */
	};
	rootObject = 2E75ED0428C881AA006E8725 /* Project object */;
}
